schema: '2.0'
stages:
  download:
    cmd: python3 -m mlops_greenlight.dataset
    deps:
    - path: mlops_greenlight/dataset.py
      hash: md5
      md5: bf2e0c235ab22bf705e286beec0a9e62
      size: 2961
    outs:
    - path: data/raw
      hash: md5
      md5: 3edac897e5cf7f5a4b935d34c4d23998.dir
      size: 37523749000
      nfiles: 13433
  convert:
    cmd: python3 -m mlops_greenlight.convert
    deps:
    - path: data/raw
      hash: md5
      md5: 3edac897e5cf7f5a4b935d34c4d23998.dir
      size: 37523749000
      nfiles: 13433
    - path: mlops_greenlight/convert.py
      hash: md5
      md5: c80666de14db317eb413c8c33ee00453
      size: 2329
    outs:
    - path: data/processed
      hash: md5
      md5: a3b3c1fa64a3962dbec416794d3aff17.dir
      size: 3268306825
      nfiles: 40293
  train:
    cmd: python3 -m mlops_greenlight.modeling.train
    deps:
    - path: data/processed/
      hash: md5
      md5: a3b3c1fa64a3962dbec416794d3aff17.dir
      size: 3268306825
      nfiles: 40293
    - path: data/raw
      hash: md5
      md5: 3edac897e5cf7f5a4b935d34c4d23998.dir
      size: 37523749000
      nfiles: 13433
    - path: mlops_greenlight/modeling/train.py
      hash: md5
      md5: 6e30c5393951a4c31625118347b5280f
      size: 10854
    outs:
    - path: models/
      hash: md5
      md5: 41237ccb916742e675d81f0c5cde59af.dir
      size: 330192558
      nfiles: 6
